
Microsoft Visual Studio Solution File, Format Version 12.00
# Visual Studio Version 17
VisualStudioVersion = 17.1.32210.238
MinimumVisualStudioVersion = 10.0.40219.1
Project("{9A19103F-16F7-4668-BE54-9A1E7A4F7556}") = "Module_3.2", "Module_3.2\Module_3.2.csproj", "{29C3A065-D6B7-4BEE-BDE5-8C95200F1073}"
EndProject
Project("{9A19103F-16F7-4668-BE54-9A1E7A4F7556}") = "Module_3.3", "Module_3.3\Module_3.3.csproj", "{A4FC5CA9-C103-429F-B3C3-0B7DA15FDE04}"
EndProject
Project("{9A19103F-16F7-4668-BE54-9A1E7A4F7556}") = "Module_3.4", "Module_3.4\Module_3.4.csproj", "{40A68649-6FFA-4C48-862A-DA2B7291F36B}"
EndProject
Project("{9A19103F-16F7-4668-BE54-9A1E7A4F7556}") = "Module_3.7", "Module_3.7\Module_3.7.csproj", "{E6DABA53-A6B3-4847-A4AE-F18782A3E279}"
EndProject
Project("{9A19103F-16F7-4668-BE54-9A1E7A4F7556}") = "Module_4.1", "Module_4.1\Module_4.1.csproj", "{578F4A03-59E4-4B62-B2A6-46655FD15C70}"
EndProject
Project("{9A19103F-16F7-4668-BE54-9A1E7A4F7556}") = "Module_4.2", "Module_4.2\Module_4.2.csproj", "{B3FD1A96-782B-4200-B6FF-995032A1E4D4}"
EndProject
Project("{9A19103F-16F7-4668-BE54-9A1E7A4F7556}") = "Module_5.1", "Module_5.1\Module_5.1.csproj", "{78CF86DA-4A3F-4203-9E94-10349A755135}"
EndProject
Project("{9A19103F-16F7-4668-BE54-9A1E7A4F7556}") = "Module_5.2", "Module_5.2\Module_5.2.csproj", "{4111086A-55F5-43A1-91C7-937A83F95A11}"
EndProject
Project("{FAE04EC0-301F-11D3-BF4B-00C04F79EFBC}") = "Module_5.2.9", "Module_5.2.9\Module_5.2.9.csproj", "{EE21ECD2-4405-437A-B833-6D801EA5818F}"
EndProject
Project("{FAE04EC0-301F-11D3-BF4B-00C04F79EFBC}") = "Module_5.3", "Module_5.3\Module_5.3.csproj", "{79313DC6-0708-4BD1-9805-3EF8F39E3685}"
EndProject
Global
	GlobalSection(SolutionConfigurationPlatforms) = preSolution
		Debug|Any CPU = Debug|Any CPU
		Release|Any CPU = Release|Any CPU
	EndGlobalSection
	GlobalSection(ProjectConfigurationPlatforms) = postSolution
		{29C3A065-D6B7-4BEE-BDE5-8C95200F1073}.Debug|Any CPU.ActiveCfg = Debug|Any CPU
		{29C3A065-D6B7-4BEE-BDE5-8C95200F1073}.Debug|Any CPU.Build.0 = Debug|Any CPU
		{29C3A065-D6B7-4BEE-BDE5-8C95200F1073}.Release|Any CPU.ActiveCfg = Release|Any CPU
		{29C3A065-D6B7-4BEE-BDE5-8C95200F1073}.Release|Any CPU.Build.0 = Release|Any CPU
		{A4FC5CA9-C103-429F-B3C3-0B7DA15FDE04}.Debug|Any CPU.ActiveCfg = Debug|Any CPU
		{A4FC5CA9-C103-429F-B3C3-0B7DA15FDE04}.Debug|Any CPU.Build.0 = Debug|Any CPU
		{A4FC5CA9-C103-429F-B3C3-0B7DA15FDE04}.Release|Any CPU.ActiveCfg = Release|Any CPU
		{A4FC5CA9-C103-429F-B3C3-0B7DA15FDE04}.Release|Any CPU.Build.0 = Release|Any CPU
		{40A68649-6FFA-4C48-862A-DA2B7291F36B}.Debug|Any CPU.ActiveCfg = Debug|Any CPU
		{40A68649-6FFA-4C48-862A-DA2B7291F36B}.Debug|Any CPU.Build.0 = Debug|Any CPU
		{40A68649-6FFA-4C48-862A-DA2B7291F36B}.Release|Any CPU.ActiveCfg = Release|Any CPU
		{40A68649-6FFA-4C48-862A-DA2B7291F36B}.Release|Any CPU.Build.0 = Release|Any CPU
		{E6DABA53-A6B3-4847-A4AE-F18782A3E279}.Debug|Any CPU.ActiveCfg = Debug|Any CPU
		{E6DABA53-A6B3-4847-A4AE-F18782A3E279}.Debug|Any CPU.Build.0 = Debug|Any CPU
		{E6DABA53-A6B3-4847-A4AE-F18782A3E279}.Release|Any CPU.ActiveCfg = Release|Any CPU
		{E6DABA53-A6B3-4847-A4AE-F18782A3E279}.Release|Any CPU.Build.0 = Release|Any CPU
		{578F4A03-59E4-4B62-B2A6-46655FD15C70}.Debug|Any CPU.ActiveCfg = Debug|Any CPU
		{578F4A03-59E4-4B62-B2A6-46655FD15C70}.Debug|Any CPU.Build.0 = Debug|Any CPU
		{578F4A03-59E4-4B62-B2A6-46655FD15C70}.Release|Any CPU.ActiveCfg = Release|Any CPU
		{578F4A03-59E4-4B62-B2A6-46655FD15C70}.Release|Any CPU.Build.0 = Release|Any CPU
		{B3FD1A96-782B-4200-B6FF-995032A1E4D4}.Debug|Any CPU.ActiveCfg = Debug|Any CPU
		{B3FD1A96-782B-4200-B6FF-995032A1E4D4}.Debug|Any CPU.Build.0 = Debug|Any CPU
		{B3FD1A96-782B-4200-B6FF-995032A1E4D4}.Release|Any CPU.ActiveCfg = Release|Any CPU
		{B3FD1A96-782B-4200-B6FF-995032A1E4D4}.Release|Any CPU.Build.0 = Release|Any CPU
		{78CF86DA-4A3F-4203-9E94-10349A755135}.Debug|Any CPU.ActiveCfg = Debug|Any CPU
		{78CF86DA-4A3F-4203-9E94-10349A755135}.Debug|Any CPU.Build.0 = Debug|Any CPU
		{78CF86DA-4A3F-4203-9E94-10349A755135}.Release|Any CPU.ActiveCfg = Release|Any CPU
		{78CF86DA-4A3F-4203-9E94-10349A755135}.Release|Any CPU.Build.0 = Release|Any CPU
		{4111086A-55F5-43A1-91C7-937A83F95A11}.Debug|Any CPU.ActiveCfg = Debug|Any CPU
		{4111086A-55F5-43A1-91C7-937A83F95A11}.Debug|Any CPU.Build.0 = Debug|Any CPU
		{4111086A-55F5-43A1-91C7-937A83F95A11}.Release|Any CPU.ActiveCfg = Release|Any CPU
		{4111086A-55F5-43A1-91C7-937A83F95A11}.Release|Any CPU.Build.0 = Release|Any CPU
		{EE21ECD2-4405-437A-B833-6D801EA5818F}.Debug|Any CPU.ActiveCfg = Debug|Any CPU
		{EE21ECD2-4405-437A-B833-6D801EA5818F}.Debug|Any CPU.Build.0 = Debug|Any CPU
		{EE21ECD2-4405-437A-B833-6D801EA5818F}.Release|Any CPU.ActiveCfg = Release|Any CPU
		{EE21ECD2-4405-437A-B833-6D801EA5818F}.Release|Any CPU.Build.0 = Release|Any CPU
		{79313DC6-0708-4BD1-9805-3EF8F39E3685}.Debug|Any CPU.ActiveCfg = Debug|Any CPU
		{79313DC6-0708-4BD1-9805-3EF8F39E3685}.Debug|Any CPU.Build.0 = Debug|Any CPU
		{79313DC6-0708-4BD1-9805-3EF8F39E3685}.Release|Any CPU.ActiveCfg = Release|Any CPU
		{79313DC6-0708-4BD1-9805-3EF8F39E3685}.Release|Any CPU.Build.0 = Release|Any CPU
	EndGlobalSection
	GlobalSection(SolutionProperties) = preSolution
		HideSolutionNode = FALSE
	EndGlobalSection
	GlobalSection(ExtensibilityGlobals) = postSolution
		SolutionGuid = {61884241-6D82-40C1-9A41-0171D132E6E6}
	EndGlobalSection
EndGlobal
