
Microsoft Visual Studio Solution File, Format Version 12.00
# Visual Studio Version 17
VisualStudioVersion = 17.1.32210.238
MinimumVisualStudioVersion = 10.0.40219.1
Project("{9A19103F-16F7-4668-BE54-9A1E7A4F7556}") = "Module_3.2", "Module_3.2\Module_3.2.csproj", "{29C3A065-D6B7-4BEE-BDE5-8C95200F1073}"
EndProject
Project("{9A19103F-16F7-4668-BE54-9A1E7A4F7556}") = "Module_3.3", "Module_3.3\Module_3.3.csproj", "{A4FC5CA9-C103-429F-B3C3-0B7DA15FDE04}"
EndProject
Project("{9A19103F-16F7-4668-BE54-9A1E7A4F7556}") = "Module_3.4", "Module_3.4\Module_3.4.csproj", "{40A68649-6FFA-4C48-862A-DA2B7291F36B}"
EndProject
Project("{9A19103F-16F7-4668-BE54-9A1E7A4F7556}") = "Module_3.7", "Module_3.7\Module_3.7.csproj", "{E6DABA53-A6B3-4847-A4AE-F18782A3E279}"
EndProject
Project("{9A19103F-16F7-4668-BE54-9A1E7A4F7556}") = "Module_4.1", "Module_4.1\Module_4.1.csproj", "{578F4A03-59E4-4B62-B2A6-46655FD15C70}"
EndProject
Project("{9A19103F-16F7-4668-BE54-9A1E7A4F7556}") = "Module_4.2", "Module_4.2\Module_4.2.csproj", "{B3FD1A96-782B-4200-B6FF-995032A1E4D4}"
EndProject
Project("{9A19103F-16F7-4668-BE54-9A1E7A4F7556}") = "Module_5.1", "Module_5.1\Module_5.1.csproj", "{78CF86DA-4A3F-4203-9E94-10349A755135}"
EndProject
Project("{9A19103F-16F7-4668-BE54-9A1E7A4F7556}") = "Module_5.2", "Module_5.2\Module_5.2.csproj", "{4111086A-55F5-43A1-91C7-937A83F95A11}"
EndProject
Project("{9A19103F-16F7-4668-BE54-9A1E7A4F7556}") = "Module_5.2.9", "Module_5.2.9\Module_5.2.9.csproj", "{EE21ECD2-4405-437A-B833-6D801EA5818F}"
EndProject
Project("{9A19103F-16F7-4668-BE54-9A1E7A4F7556}") = "Module_5.3", "Module_5.3\Module_5.3.csproj", "{79313DC6-0708-4BD1-9805-3EF8F39E3685}"
EndProject
Project("{9A19103F-16F7-4668-BE54-9A1E7A4F7556}") = "Module_5.6", "Module_5.6\Module_5.6.csproj", "{2858E97B-670C-4B0E-BBF8-2B3734961661}"
EndProject
Project("{9A19103F-16F7-4668-BE54-9A1E7A4F7556}") = "Module_5.5", "Module_5.5\Module_5.5.csproj", "{AB4A841B-55CC-4F48-A7D4-028AE60274FB}"
EndProject
Project("{9A19103F-16F7-4668-BE54-9A1E7A4F7556}") = "Module_6.2", "Module_6.2\Module_6.2.csproj", "{928A175F-4421-493E-8961-8FC5B057C146}"
EndProject
Project("{9A19103F-16F7-4668-BE54-9A1E7A4F7556}") = "Module_6.3", "Module_6.3\Module_6.3.csproj", "{4937376A-5A7B-423F-8EBA-F935CC8351AA}"
EndProject
Project("{9A19103F-16F7-4668-BE54-9A1E7A4F7556}") = "Module_6.6", "Module_6.6\Module_6.6.csproj", "{BD187556-C224-4FB2-ADE3-B706244AA9D4}"
EndProject
Project("{9A19103F-16F7-4668-BE54-9A1E7A4F7556}") = "Module_7.1", "Module_7.1\Module_7.1.csproj", "{163C2979-AFA7-4D3F-8D00-1AFB598E3C0A}"
EndProject
Project("{9A19103F-16F7-4668-BE54-9A1E7A4F7556}") = "Module_7.5", "Module_7.5\Module_7.5.csproj", "{AA0F5C47-484B-4CED-A388-5CEB379D0D84}"
EndProject
Project("{9A19103F-16F7-4668-BE54-9A1E7A4F7556}") = "Module_7.6", "Module_7.6\Module_7.6.csproj", "{63F1AD2B-FD2D-48C7-A44A-091E4912FB62}"
EndProject
Project("{9A19103F-16F7-4668-BE54-9A1E7A4F7556}") = "Module_7.6_final", "Module_7.6_final\Module_7.6_final.csproj", "{4F6DF765-FF08-4247-BD8D-1EEDF85B36AA}"
EndProject
Project("{9A19103F-16F7-4668-BE54-9A1E7A4F7556}") = "Module_8.1", "Module_8.1\Module_8.1.csproj", "{75062E28-48AA-4CCE-8368-7601BE362625}"
EndProject
Project("{9A19103F-16F7-4668-BE54-9A1E7A4F7556}") = "Module_8.3", "Module_8.3\Module_8.3.csproj", "{343EED47-0CB3-4F5C-BC09-6A257291CA4B}"
EndProject
Project("{9A19103F-16F7-4668-BE54-9A1E7A4F7556}") = "SFCS_8.6_WorkWithFiles", "SFCS_8.6_WorkWithFiles\SFCS_8.6_WorkWithFiles.csproj", "{CD4D9C75-E94A-4F3B-9C74-045D11E1A7E2}"
EndProject
Project("{9A19103F-16F7-4668-BE54-9A1E7A4F7556}") = "SFCS_8.6_BinaryUpload", "SFCS_8.6_BinaryUpload\SFCS_8.6_BinaryUpload.csproj", "{B5F53B5F-1DE6-4ED5-8960-0852EFE85B0E}"
EndProject
Project("{9A19103F-16F7-4668-BE54-9A1E7A4F7556}") = "SFCS_8.6_BinaryFileCreateStudents", "SFCS_8.6_BinaryFileCreateStudents\SFCS_8.6_BinaryFileCreateStudents.csproj", "{7C82B697-837A-4D37-988E-F0CC56E2F338}"
EndProject
Project("{9A19103F-16F7-4668-BE54-9A1E7A4F7556}") = "Module_9.1", "Module_9.1\Module_9.1.csproj", "{D7CE5833-7884-48F1-BD36-0BF6106130F6}"
EndProject
Project("{9A19103F-16F7-4668-BE54-9A1E7A4F7556}") = "Module_9.3", "Module_9.3\Module_9.3.csproj", "{638AF3B3-89F9-47D7-9945-5D8926EAEE62}"
EndProject
Project("{9A19103F-16F7-4668-BE54-9A1E7A4F7556}") = "SFCS_9.6_MyException", "SFCS_9.6_MyException\SFCS_9.6_MyException.csproj", "{A6A91934-A6DE-4038-BB82-CA13BDF6ABDA}"
EndProject
Project("{9A19103F-16F7-4668-BE54-9A1E7A4F7556}") = "SFCS_9.6_SortLastName", "SFCS_9.6_SortLastName\SFCS_9.6_SortLastName.csproj", "{8932E8D9-3749-4A71-BD64-31D692F4F823}"
EndProject
Project("{9A19103F-16F7-4668-BE54-9A1E7A4F7556}") = "Module_10.1", "Module_10.1\Module_10.1.csproj", "{1491BD4A-520D-44E0-9259-20C3F3E91128}"
EndProject
Project("{9A19103F-16F7-4668-BE54-9A1E7A4F7556}") = "SFCS_10.5_ICalc", "SFCS_10.5_ICalc\SFCS_10.5_ICalc.csproj", "{085BB560-75B8-4850-B574-7099C48DBF62}"
EndProject
Project("{9A19103F-16F7-4668-BE54-9A1E7A4F7556}") = "SFCS_10.5_ICalcWithLogger", "SFCS_10.5_ICalcWithLogger\SFCS_10.5_ICalcWithLogger.csproj", "{80A5632C-6335-46E8-9DA5-CE151AB61CED}"
EndProject
Project("{9A19103F-16F7-4668-BE54-9A1E7A4F7556}") = "module_12.3", "module_12.3\module_12.3.csproj", "{FEE48996-7C27-4F27-9257-9147EAD5ECD7}"
EndProject
Project("{9A19103F-16F7-4668-BE54-9A1E7A4F7556}") = "Module_12.1", "Module_12.1\Module_12.1.csproj", "{B0CAF06E-5330-4A7B-84DA-2D2209D67C3D}"
EndProject
Project("{9A19103F-16F7-4668-BE54-9A1E7A4F7556}") = "Module_13.3", "Module_13.3\Module_13.3.csproj", "{38536409-105C-43B2-94A1-DB36445745C8}"
EndProject
Project("{9A19103F-16F7-4668-BE54-9A1E7A4F7556}") = "SFCS_13.6.1_ListAndLinkedList", "SFCS_13.6.1_ListAndLinkedList\SFCS_13.6.1_ListAndLinkedList.csproj", "{14F365EE-35B4-40D4-A005-7EA3046D9528}"
EndProject
Project("{9A19103F-16F7-4668-BE54-9A1E7A4F7556}") = "SFCS_13.6.2_ListAndLinkedList", "SFCS_13.6.2_ListAndLinkedList\SFCS_13.6.2_ListAndLinkedList.csproj", "{83809918-C35E-464C-A62C-B7798A479170}"
EndProject
Project("{9A19103F-16F7-4668-BE54-9A1E7A4F7556}") = "Module_14.1", "Module_14.1\Module_14.1.csproj", "{253D4DC3-4D3D-427A-A773-F2A275F191EF}"
EndProject
Project("{9A19103F-16F7-4668-BE54-9A1E7A4F7556}") = "SFCS_15.6.16_LinqClasses", "SFCS_15.6.16_LinqClasses\SFCS_15.6.16_LinqClasses.csproj", "{1F176F3D-5D7F-41C5-9468-D3C55FB564B4}"
EndProject
Project("{FAE04EC0-301F-11D3-BF4B-00C04F79EFBC}") = "Module_13_5_8", "Module_13_5_8\Module_13_5_8.csproj", "{923A2F7E-63E1-4EC0-BF85-DDC58D0B9EFA}"
EndProject
Global
	GlobalSection(SolutionConfigurationPlatforms) = preSolution
		Debug|Any CPU = Debug|Any CPU
		Release|Any CPU = Release|Any CPU
	EndGlobalSection
	GlobalSection(ProjectConfigurationPlatforms) = postSolution
		{29C3A065-D6B7-4BEE-BDE5-8C95200F1073}.Debug|Any CPU.ActiveCfg = Debug|Any CPU
		{29C3A065-D6B7-4BEE-BDE5-8C95200F1073}.Debug|Any CPU.Build.0 = Debug|Any CPU
		{29C3A065-D6B7-4BEE-BDE5-8C95200F1073}.Release|Any CPU.ActiveCfg = Release|Any CPU
		{29C3A065-D6B7-4BEE-BDE5-8C95200F1073}.Release|Any CPU.Build.0 = Release|Any CPU
		{A4FC5CA9-C103-429F-B3C3-0B7DA15FDE04}.Debug|Any CPU.ActiveCfg = Debug|Any CPU
		{A4FC5CA9-C103-429F-B3C3-0B7DA15FDE04}.Debug|Any CPU.Build.0 = Debug|Any CPU
		{A4FC5CA9-C103-429F-B3C3-0B7DA15FDE04}.Release|Any CPU.ActiveCfg = Release|Any CPU
		{A4FC5CA9-C103-429F-B3C3-0B7DA15FDE04}.Release|Any CPU.Build.0 = Release|Any CPU
		{40A68649-6FFA-4C48-862A-DA2B7291F36B}.Debug|Any CPU.ActiveCfg = Debug|Any CPU
		{40A68649-6FFA-4C48-862A-DA2B7291F36B}.Debug|Any CPU.Build.0 = Debug|Any CPU
		{40A68649-6FFA-4C48-862A-DA2B7291F36B}.Release|Any CPU.ActiveCfg = Release|Any CPU
		{40A68649-6FFA-4C48-862A-DA2B7291F36B}.Release|Any CPU.Build.0 = Release|Any CPU
		{E6DABA53-A6B3-4847-A4AE-F18782A3E279}.Debug|Any CPU.ActiveCfg = Debug|Any CPU
		{E6DABA53-A6B3-4847-A4AE-F18782A3E279}.Debug|Any CPU.Build.0 = Debug|Any CPU
		{E6DABA53-A6B3-4847-A4AE-F18782A3E279}.Release|Any CPU.ActiveCfg = Release|Any CPU
		{E6DABA53-A6B3-4847-A4AE-F18782A3E279}.Release|Any CPU.Build.0 = Release|Any CPU
		{578F4A03-59E4-4B62-B2A6-46655FD15C70}.Debug|Any CPU.ActiveCfg = Debug|Any CPU
		{578F4A03-59E4-4B62-B2A6-46655FD15C70}.Debug|Any CPU.Build.0 = Debug|Any CPU
		{578F4A03-59E4-4B62-B2A6-46655FD15C70}.Release|Any CPU.ActiveCfg = Release|Any CPU
		{578F4A03-59E4-4B62-B2A6-46655FD15C70}.Release|Any CPU.Build.0 = Release|Any CPU
		{B3FD1A96-782B-4200-B6FF-995032A1E4D4}.Debug|Any CPU.ActiveCfg = Debug|Any CPU
		{B3FD1A96-782B-4200-B6FF-995032A1E4D4}.Debug|Any CPU.Build.0 = Debug|Any CPU
		{B3FD1A96-782B-4200-B6FF-995032A1E4D4}.Release|Any CPU.ActiveCfg = Release|Any CPU
		{B3FD1A96-782B-4200-B6FF-995032A1E4D4}.Release|Any CPU.Build.0 = Release|Any CPU
		{78CF86DA-4A3F-4203-9E94-10349A755135}.Debug|Any CPU.ActiveCfg = Debug|Any CPU
		{78CF86DA-4A3F-4203-9E94-10349A755135}.Debug|Any CPU.Build.0 = Debug|Any CPU
		{78CF86DA-4A3F-4203-9E94-10349A755135}.Release|Any CPU.ActiveCfg = Release|Any CPU
		{78CF86DA-4A3F-4203-9E94-10349A755135}.Release|Any CPU.Build.0 = Release|Any CPU
		{4111086A-55F5-43A1-91C7-937A83F95A11}.Debug|Any CPU.ActiveCfg = Debug|Any CPU
		{4111086A-55F5-43A1-91C7-937A83F95A11}.Debug|Any CPU.Build.0 = Debug|Any CPU
		{4111086A-55F5-43A1-91C7-937A83F95A11}.Release|Any CPU.ActiveCfg = Release|Any CPU
		{4111086A-55F5-43A1-91C7-937A83F95A11}.Release|Any CPU.Build.0 = Release|Any CPU
		{EE21ECD2-4405-437A-B833-6D801EA5818F}.Debug|Any CPU.ActiveCfg = Debug|Any CPU
		{EE21ECD2-4405-437A-B833-6D801EA5818F}.Debug|Any CPU.Build.0 = Debug|Any CPU
		{EE21ECD2-4405-437A-B833-6D801EA5818F}.Release|Any CPU.ActiveCfg = Release|Any CPU
		{EE21ECD2-4405-437A-B833-6D801EA5818F}.Release|Any CPU.Build.0 = Release|Any CPU
		{79313DC6-0708-4BD1-9805-3EF8F39E3685}.Debug|Any CPU.ActiveCfg = Debug|Any CPU
		{79313DC6-0708-4BD1-9805-3EF8F39E3685}.Debug|Any CPU.Build.0 = Debug|Any CPU
		{79313DC6-0708-4BD1-9805-3EF8F39E3685}.Release|Any CPU.ActiveCfg = Release|Any CPU
		{79313DC6-0708-4BD1-9805-3EF8F39E3685}.Release|Any CPU.Build.0 = Release|Any CPU
		{2858E97B-670C-4B0E-BBF8-2B3734961661}.Debug|Any CPU.ActiveCfg = Debug|Any CPU
		{2858E97B-670C-4B0E-BBF8-2B3734961661}.Debug|Any CPU.Build.0 = Debug|Any CPU
		{2858E97B-670C-4B0E-BBF8-2B3734961661}.Release|Any CPU.ActiveCfg = Release|Any CPU
		{2858E97B-670C-4B0E-BBF8-2B3734961661}.Release|Any CPU.Build.0 = Release|Any CPU
		{AB4A841B-55CC-4F48-A7D4-028AE60274FB}.Debug|Any CPU.ActiveCfg = Debug|Any CPU
		{AB4A841B-55CC-4F48-A7D4-028AE60274FB}.Debug|Any CPU.Build.0 = Debug|Any CPU
		{AB4A841B-55CC-4F48-A7D4-028AE60274FB}.Release|Any CPU.ActiveCfg = Release|Any CPU
		{AB4A841B-55CC-4F48-A7D4-028AE60274FB}.Release|Any CPU.Build.0 = Release|Any CPU
		{928A175F-4421-493E-8961-8FC5B057C146}.Debug|Any CPU.ActiveCfg = Debug|Any CPU
		{928A175F-4421-493E-8961-8FC5B057C146}.Debug|Any CPU.Build.0 = Debug|Any CPU
		{928A175F-4421-493E-8961-8FC5B057C146}.Release|Any CPU.ActiveCfg = Release|Any CPU
		{928A175F-4421-493E-8961-8FC5B057C146}.Release|Any CPU.Build.0 = Release|Any CPU
		{4937376A-5A7B-423F-8EBA-F935CC8351AA}.Debug|Any CPU.ActiveCfg = Debug|Any CPU
		{4937376A-5A7B-423F-8EBA-F935CC8351AA}.Debug|Any CPU.Build.0 = Debug|Any CPU
		{4937376A-5A7B-423F-8EBA-F935CC8351AA}.Release|Any CPU.ActiveCfg = Release|Any CPU
		{4937376A-5A7B-423F-8EBA-F935CC8351AA}.Release|Any CPU.Build.0 = Release|Any CPU
		{BD187556-C224-4FB2-ADE3-B706244AA9D4}.Debug|Any CPU.ActiveCfg = Debug|Any CPU
		{BD187556-C224-4FB2-ADE3-B706244AA9D4}.Debug|Any CPU.Build.0 = Debug|Any CPU
		{BD187556-C224-4FB2-ADE3-B706244AA9D4}.Release|Any CPU.ActiveCfg = Release|Any CPU
		{BD187556-C224-4FB2-ADE3-B706244AA9D4}.Release|Any CPU.Build.0 = Release|Any CPU
		{163C2979-AFA7-4D3F-8D00-1AFB598E3C0A}.Debug|Any CPU.ActiveCfg = Debug|Any CPU
		{163C2979-AFA7-4D3F-8D00-1AFB598E3C0A}.Debug|Any CPU.Build.0 = Debug|Any CPU
		{163C2979-AFA7-4D3F-8D00-1AFB598E3C0A}.Release|Any CPU.ActiveCfg = Release|Any CPU
		{163C2979-AFA7-4D3F-8D00-1AFB598E3C0A}.Release|Any CPU.Build.0 = Release|Any CPU
		{AA0F5C47-484B-4CED-A388-5CEB379D0D84}.Debug|Any CPU.ActiveCfg = Debug|Any CPU
		{AA0F5C47-484B-4CED-A388-5CEB379D0D84}.Debug|Any CPU.Build.0 = Debug|Any CPU
		{AA0F5C47-484B-4CED-A388-5CEB379D0D84}.Release|Any CPU.ActiveCfg = Release|Any CPU
		{AA0F5C47-484B-4CED-A388-5CEB379D0D84}.Release|Any CPU.Build.0 = Release|Any CPU
		{63F1AD2B-FD2D-48C7-A44A-091E4912FB62}.Debug|Any CPU.ActiveCfg = Debug|Any CPU
		{63F1AD2B-FD2D-48C7-A44A-091E4912FB62}.Debug|Any CPU.Build.0 = Debug|Any CPU
		{63F1AD2B-FD2D-48C7-A44A-091E4912FB62}.Release|Any CPU.ActiveCfg = Release|Any CPU
		{63F1AD2B-FD2D-48C7-A44A-091E4912FB62}.Release|Any CPU.Build.0 = Release|Any CPU
		{4F6DF765-FF08-4247-BD8D-1EEDF85B36AA}.Debug|Any CPU.ActiveCfg = Debug|Any CPU
		{4F6DF765-FF08-4247-BD8D-1EEDF85B36AA}.Debug|Any CPU.Build.0 = Debug|Any CPU
		{4F6DF765-FF08-4247-BD8D-1EEDF85B36AA}.Release|Any CPU.ActiveCfg = Release|Any CPU
		{4F6DF765-FF08-4247-BD8D-1EEDF85B36AA}.Release|Any CPU.Build.0 = Release|Any CPU
		{75062E28-48AA-4CCE-8368-7601BE362625}.Debug|Any CPU.ActiveCfg = Debug|Any CPU
		{75062E28-48AA-4CCE-8368-7601BE362625}.Debug|Any CPU.Build.0 = Debug|Any CPU
		{75062E28-48AA-4CCE-8368-7601BE362625}.Release|Any CPU.ActiveCfg = Release|Any CPU
		{75062E28-48AA-4CCE-8368-7601BE362625}.Release|Any CPU.Build.0 = Release|Any CPU
		{343EED47-0CB3-4F5C-BC09-6A257291CA4B}.Debug|Any CPU.ActiveCfg = Debug|Any CPU
		{343EED47-0CB3-4F5C-BC09-6A257291CA4B}.Debug|Any CPU.Build.0 = Debug|Any CPU
		{343EED47-0CB3-4F5C-BC09-6A257291CA4B}.Release|Any CPU.ActiveCfg = Release|Any CPU
		{343EED47-0CB3-4F5C-BC09-6A257291CA4B}.Release|Any CPU.Build.0 = Release|Any CPU
		{CD4D9C75-E94A-4F3B-9C74-045D11E1A7E2}.Debug|Any CPU.ActiveCfg = Debug|Any CPU
		{CD4D9C75-E94A-4F3B-9C74-045D11E1A7E2}.Debug|Any CPU.Build.0 = Debug|Any CPU
		{CD4D9C75-E94A-4F3B-9C74-045D11E1A7E2}.Release|Any CPU.ActiveCfg = Release|Any CPU
		{CD4D9C75-E94A-4F3B-9C74-045D11E1A7E2}.Release|Any CPU.Build.0 = Release|Any CPU
		{B5F53B5F-1DE6-4ED5-8960-0852EFE85B0E}.Debug|Any CPU.ActiveCfg = Debug|Any CPU
		{B5F53B5F-1DE6-4ED5-8960-0852EFE85B0E}.Debug|Any CPU.Build.0 = Debug|Any CPU
		{B5F53B5F-1DE6-4ED5-8960-0852EFE85B0E}.Release|Any CPU.ActiveCfg = Release|Any CPU
		{B5F53B5F-1DE6-4ED5-8960-0852EFE85B0E}.Release|Any CPU.Build.0 = Release|Any CPU
		{7C82B697-837A-4D37-988E-F0CC56E2F338}.Debug|Any CPU.ActiveCfg = Debug|Any CPU
		{7C82B697-837A-4D37-988E-F0CC56E2F338}.Debug|Any CPU.Build.0 = Debug|Any CPU
		{7C82B697-837A-4D37-988E-F0CC56E2F338}.Release|Any CPU.ActiveCfg = Release|Any CPU
		{7C82B697-837A-4D37-988E-F0CC56E2F338}.Release|Any CPU.Build.0 = Release|Any CPU
		{D7CE5833-7884-48F1-BD36-0BF6106130F6}.Debug|Any CPU.ActiveCfg = Debug|Any CPU
		{D7CE5833-7884-48F1-BD36-0BF6106130F6}.Debug|Any CPU.Build.0 = Debug|Any CPU
		{D7CE5833-7884-48F1-BD36-0BF6106130F6}.Release|Any CPU.ActiveCfg = Release|Any CPU
		{D7CE5833-7884-48F1-BD36-0BF6106130F6}.Release|Any CPU.Build.0 = Release|Any CPU
		{638AF3B3-89F9-47D7-9945-5D8926EAEE62}.Debug|Any CPU.ActiveCfg = Debug|Any CPU
		{638AF3B3-89F9-47D7-9945-5D8926EAEE62}.Debug|Any CPU.Build.0 = Debug|Any CPU
		{638AF3B3-89F9-47D7-9945-5D8926EAEE62}.Release|Any CPU.ActiveCfg = Release|Any CPU
		{638AF3B3-89F9-47D7-9945-5D8926EAEE62}.Release|Any CPU.Build.0 = Release|Any CPU
		{A6A91934-A6DE-4038-BB82-CA13BDF6ABDA}.Debug|Any CPU.ActiveCfg = Debug|Any CPU
		{A6A91934-A6DE-4038-BB82-CA13BDF6ABDA}.Debug|Any CPU.Build.0 = Debug|Any CPU
		{A6A91934-A6DE-4038-BB82-CA13BDF6ABDA}.Release|Any CPU.ActiveCfg = Release|Any CPU
		{A6A91934-A6DE-4038-BB82-CA13BDF6ABDA}.Release|Any CPU.Build.0 = Release|Any CPU
		{8932E8D9-3749-4A71-BD64-31D692F4F823}.Debug|Any CPU.ActiveCfg = Debug|Any CPU
		{8932E8D9-3749-4A71-BD64-31D692F4F823}.Debug|Any CPU.Build.0 = Debug|Any CPU
		{8932E8D9-3749-4A71-BD64-31D692F4F823}.Release|Any CPU.ActiveCfg = Release|Any CPU
		{8932E8D9-3749-4A71-BD64-31D692F4F823}.Release|Any CPU.Build.0 = Release|Any CPU
		{1491BD4A-520D-44E0-9259-20C3F3E91128}.Debug|Any CPU.ActiveCfg = Debug|Any CPU
		{1491BD4A-520D-44E0-9259-20C3F3E91128}.Debug|Any CPU.Build.0 = Debug|Any CPU
		{1491BD4A-520D-44E0-9259-20C3F3E91128}.Release|Any CPU.ActiveCfg = Release|Any CPU
		{1491BD4A-520D-44E0-9259-20C3F3E91128}.Release|Any CPU.Build.0 = Release|Any CPU
		{085BB560-75B8-4850-B574-7099C48DBF62}.Debug|Any CPU.ActiveCfg = Debug|Any CPU
		{085BB560-75B8-4850-B574-7099C48DBF62}.Debug|Any CPU.Build.0 = Debug|Any CPU
		{085BB560-75B8-4850-B574-7099C48DBF62}.Release|Any CPU.ActiveCfg = Release|Any CPU
		{085BB560-75B8-4850-B574-7099C48DBF62}.Release|Any CPU.Build.0 = Release|Any CPU
		{80A5632C-6335-46E8-9DA5-CE151AB61CED}.Debug|Any CPU.ActiveCfg = Debug|Any CPU
		{80A5632C-6335-46E8-9DA5-CE151AB61CED}.Debug|Any CPU.Build.0 = Debug|Any CPU
		{80A5632C-6335-46E8-9DA5-CE151AB61CED}.Release|Any CPU.ActiveCfg = Release|Any CPU
		{80A5632C-6335-46E8-9DA5-CE151AB61CED}.Release|Any CPU.Build.0 = Release|Any CPU
		{FEE48996-7C27-4F27-9257-9147EAD5ECD7}.Debug|Any CPU.ActiveCfg = Debug|Any CPU
		{FEE48996-7C27-4F27-9257-9147EAD5ECD7}.Debug|Any CPU.Build.0 = Debug|Any CPU
		{FEE48996-7C27-4F27-9257-9147EAD5ECD7}.Release|Any CPU.ActiveCfg = Release|Any CPU
		{FEE48996-7C27-4F27-9257-9147EAD5ECD7}.Release|Any CPU.Build.0 = Release|Any CPU
		{B0CAF06E-5330-4A7B-84DA-2D2209D67C3D}.Debug|Any CPU.ActiveCfg = Debug|Any CPU
		{B0CAF06E-5330-4A7B-84DA-2D2209D67C3D}.Debug|Any CPU.Build.0 = Debug|Any CPU
		{B0CAF06E-5330-4A7B-84DA-2D2209D67C3D}.Release|Any CPU.ActiveCfg = Release|Any CPU
		{B0CAF06E-5330-4A7B-84DA-2D2209D67C3D}.Release|Any CPU.Build.0 = Release|Any CPU
		{38536409-105C-43B2-94A1-DB36445745C8}.Debug|Any CPU.ActiveCfg = Debug|Any CPU
		{38536409-105C-43B2-94A1-DB36445745C8}.Debug|Any CPU.Build.0 = Debug|Any CPU
		{38536409-105C-43B2-94A1-DB36445745C8}.Release|Any CPU.ActiveCfg = Release|Any CPU
		{38536409-105C-43B2-94A1-DB36445745C8}.Release|Any CPU.Build.0 = Release|Any CPU
		{14F365EE-35B4-40D4-A005-7EA3046D9528}.Debug|Any CPU.ActiveCfg = Debug|Any CPU
		{14F365EE-35B4-40D4-A005-7EA3046D9528}.Debug|Any CPU.Build.0 = Debug|Any CPU
		{14F365EE-35B4-40D4-A005-7EA3046D9528}.Release|Any CPU.ActiveCfg = Release|Any CPU
		{14F365EE-35B4-40D4-A005-7EA3046D9528}.Release|Any CPU.Build.0 = Release|Any CPU
		{83809918-C35E-464C-A62C-B7798A479170}.Debug|Any CPU.ActiveCfg = Debug|Any CPU
		{83809918-C35E-464C-A62C-B7798A479170}.Debug|Any CPU.Build.0 = Debug|Any CPU
		{83809918-C35E-464C-A62C-B7798A479170}.Release|Any CPU.ActiveCfg = Release|Any CPU
		{83809918-C35E-464C-A62C-B7798A479170}.Release|Any CPU.Build.0 = Release|Any CPU
		{253D4DC3-4D3D-427A-A773-F2A275F191EF}.Debug|Any CPU.ActiveCfg = Debug|Any CPU
		{253D4DC3-4D3D-427A-A773-F2A275F191EF}.Debug|Any CPU.Build.0 = Debug|Any CPU
		{253D4DC3-4D3D-427A-A773-F2A275F191EF}.Release|Any CPU.ActiveCfg = Release|Any CPU
		{253D4DC3-4D3D-427A-A773-F2A275F191EF}.Release|Any CPU.Build.0 = Release|Any CPU
		{1F176F3D-5D7F-41C5-9468-D3C55FB564B4}.Debug|Any CPU.ActiveCfg = Debug|Any CPU
		{1F176F3D-5D7F-41C5-9468-D3C55FB564B4}.Debug|Any CPU.Build.0 = Debug|Any CPU
		{1F176F3D-5D7F-41C5-9468-D3C55FB564B4}.Release|Any CPU.ActiveCfg = Release|Any CPU
		{1F176F3D-5D7F-41C5-9468-D3C55FB564B4}.Release|Any CPU.Build.0 = Release|Any CPU
		{923A2F7E-63E1-4EC0-BF85-DDC58D0B9EFA}.Debug|Any CPU.ActiveCfg = Debug|Any CPU
		{923A2F7E-63E1-4EC0-BF85-DDC58D0B9EFA}.Debug|Any CPU.Build.0 = Debug|Any CPU
		{923A2F7E-63E1-4EC0-BF85-DDC58D0B9EFA}.Release|Any CPU.ActiveCfg = Release|Any CPU
		{923A2F7E-63E1-4EC0-BF85-DDC58D0B9EFA}.Release|Any CPU.Build.0 = Release|Any CPU
	EndGlobalSection
	GlobalSection(SolutionProperties) = preSolution
		HideSolutionNode = FALSE
	EndGlobalSection
	GlobalSection(ExtensibilityGlobals) = postSolution
		SolutionGuid = {61884241-6D82-40C1-9A41-0171D132E6E6}
	EndGlobalSection
EndGlobal
